// !$*UTF8*$!
{
	archiveVersion = 1;
	classes = {
	};
	objectVersion = 46;
	objects = {

/* Begin PBXBuildFile section */
		146ADCCE1BEC8F3F000CB3CA /* main.m in Sources */ = {isa = PBXBuildFile; fileRef = 146ADCCD1BEC8F3F000CB3CA /* main.m */; };
		146ADCD11BEC8F40000CB3CA /* AppDelegate.m in Sources */ = {isa = PBXBuildFile; fileRef = 146ADCD01BEC8F40000CB3CA /* AppDelegate.m */; };
		146ADCD41BEC8F40000CB3CA /* ViewController.m in Sources */ = {isa = PBXBuildFile; fileRef = 146ADCD31BEC8F40000CB3CA /* ViewController.m */; };
		146ADCD71BEC8F41000CB3CA /* Main.storyboard in Resources */ = {isa = PBXBuildFile; fileRef = 146ADCD51BEC8F41000CB3CA /* Main.storyboard */; };
		146ADCD91BEC8F41000CB3CA /* Assets.xcassets in Resources */ = {isa = PBXBuildFile; fileRef = 146ADCD81BEC8F41000CB3CA /* Assets.xcassets */; };
		146ADCDC1BEC8F41000CB3CA /* LaunchScreen.storyboard in Resources */ = {isa = PBXBuildFile; fileRef = 146ADCDA1BEC8F41000CB3CA /* LaunchScreen.storyboard */; };
		146ADCE51BECA412000CB3CA /* XXUtil.m in Sources */ = {isa = PBXBuildFile; fileRef = 146ADCE41BECA412000CB3CA /* XXUtil.m */; settings = {ASSET_TAGS = (); }; };
/* End PBXBuildFile section */

/* Begin PBXFileReference section */
		146ADCC91BEC8F3F000CB3CA /* YiNianXi.app */ = {isa = PBXFileReference; explicitFileType = wrapper.application; includeInIndex = 0; path = YiNianXi.app; sourceTree = BUILT_PRODUCTS_DIR; };
		146ADCCD1BEC8F3F000CB3CA /* main.m */ = {isa = PBXFileReference; lastKnownFileType = sourcecode.c.objc; path = main.m; sourceTree = "<group>"; };
		146ADCCF1BEC8F40000CB3CA /* AppDelegate.h */ = {isa = PBXFileReference; lastKnownFileType = sourcecode.c.h; path = AppDelegate.h; sourceTree = "<group>"; };
		146ADCD01BEC8F40000CB3CA /* AppDelegate.m */ = {isa = PBXFileReference; lastKnownFileType = sourcecode.c.objc; path = AppDelegate.m; sourceTree = "<group>"; };
		146ADCD21BEC8F40000CB3CA /* ViewController.h */ = {isa = PBXFileReference; lastKnownFileType = sourcecode.c.h; path = ViewController.h; sourceTree = "<group>"; };
		146ADCD31BEC8F40000CB3CA /* ViewController.m */ = {isa = PBXFileReference; lastKnownFileType = sourcecode.c.objc; path = ViewController.m; sourceTree = "<group>"; };
		146ADCD61BEC8F41000CB3CA /* Base */ = {isa = PBXFileReference; lastKnownFileType = file.storyboard; name = Base; path = Base.lproj/Main.storyboard; sourceTree = "<group>"; };
		146ADCD81BEC8F41000CB3CA /* Assets.xcassets */ = {isa = PBXFileReference; lastKnownFileType = folder.assetcatalog; path = Assets.xcassets; sourceTree = "<group>"; };
		146ADCDB1BEC8F41000CB3CA /* Base */ = {isa = PBXFileReference; lastKnownFileType = file.storyboard; name = Base; path = Base.lproj/LaunchScreen.storyboard; sourceTree = "<group>"; };
		146ADCDD1BEC8F41000CB3CA /* Info.plist */ = {isa = PBXFileReference; lastKnownFileType = text.plist.xml; path = Info.plist; sourceTree = "<group>"; };
		146ADCE31BECA412000CB3CA /* XXUtil.h */ = {isa = PBXFileReference; fileEncoding = 4; lastKnownFileType = sourcecode.c.h; path = XXUtil.h; sourceTree = "<group>"; };
		146ADCE41BECA412000CB3CA /* XXUtil.m */ = {isa = PBXFileReference; fileEncoding = 4; lastKnownFileType = sourcecode.c.objc; path = XXUtil.m; sourceTree = "<group>"; };
/* End PBXFileReference section */

/* Begin PBXFrameworksBuildPhase section */
		146ADCC61BEC8F3F000CB3CA /* Frameworks */ = {
			isa = PBXFrameworksBuildPhase;
			buildActionMask = 2147483647;
			files = (
			);
			runOnlyForDeploymentPostprocessing = 0;
		};
/* End PBXFrameworksBuildPhase section */

/* Begin PBXGroup section */
		146ADCC01BEC8F3E000CB3CA = {
			isa = PBXGroup;
			children = (
				146ADCCB1BEC8F3F000CB3CA /* YiNianXi */,
				146ADCCA1BEC8F3F000CB3CA /* Products */,
			);
			sourceTree = "<group>";
		};
		146ADCCA1BEC8F3F000CB3CA /* Products */ = {
			isa = PBXGroup;
			children = (
				146ADCC91BEC8F3F000CB3CA /* YiNianXi.app */,
			);
			name = Products;
			sourceTree = "<group>";
		};
		146ADCCB1BEC8F3F000CB3CA /* YiNianXi */ = {
			isa = PBXGroup;
			children = (
				146ADCCF1BEC8F40000CB3CA /* AppDelegate.h */,
				146ADCD01BEC8F40000CB3CA /* AppDelegate.m */,
				146ADCD21BEC8F40000CB3CA /* ViewController.h */,
				146ADCD31BEC8F40000CB3CA /* ViewController.m */,
				146ADCE31BECA412000CB3CA /* XXUtil.h */,
				146ADCE41BECA412000CB3CA /* XXUtil.m */,
				146ADCD51BEC8F41000CB3CA /* Main.storyboard */,
				146ADCD81BEC8F41000CB3CA /* Assets.xcassets */,
				146ADCDA1BEC8F41000CB3CA /* LaunchScreen.storyboard */,
				146ADCDD1BEC8F41000CB3CA /* Info.plist */,
				146ADCCC1BEC8F3F000CB3CA /* Supporting Files */,
			);
			path = YiNianXi;
			sourceTree = "<group>";
		};
		146ADCCC1BEC8F3F000CB3CA /* Supporting Files */ = {
			isa = PBXGroup;
			children = (
				146ADCCD1BEC8F3F000CB3CA /* main.m */,
			);
			name = "Supporting Files";
			sourceTree = "<group>";
		};
/* End PBXGroup section */

/* Begin PBXNativeTarget section */
		146ADCC81BEC8F3F000CB3CA /* YiNianXi */ = {
			isa = PBXNativeTarget;
			buildConfigurationList = 146ADCE01BEC8F41000CB3CA /* Build configuration list for PBXNativeTarget "YiNianXi" */;
			buildPhases = (
				146ADCC51BEC8F3F000CB3CA /* Sources */,
				146ADCC61BEC8F3F000CB3CA /* Frameworks */,
				146ADCC71BEC8F3F000CB3CA /* Resources */,
			);
			buildRules = (
			);
			dependencies = (
			);
			name = YiNianXi;
			productName = YiNianXi;
			productReference = 146ADCC91BEC8F3F000CB3CA /* YiNianXi.app */;
			productType = "com.apple.product-type.application";
		};
/* End PBXNativeTarget section */

/* Begin PBXProject section */
		146ADCC11BEC8F3E000CB3CA /* Project object */ = {
			isa = PBXProject;
			attributes = {
				LastUpgradeCheck = 0700;
				ORGANIZATIONNAME = xy;
				TargetAttributes = {
					146ADCC81BEC8F3F000CB3CA = {
						CreatedOnToolsVersion = 7.0;
					};
				};
			};
			buildConfigurationList = 146ADCC41BEC8F3E000CB3CA /* Build configuration list for PBXProject "YiNianXi" */;
			compatibilityVersion = "Xcode 3.2";
			developmentRegion = English;
			hasScannedForEncodings = 0;
			knownRegions = (
				en,
				Base,
			);
			mainGroup = 146ADCC01BEC8F3E000CB3CA;
			productRefGroup = 146ADCCA1BEC8F3F000CB3CA /* Products */;
			projectDirPath = "";
			projectRoot = "";
			targets = (
				146ADCC81BEC8F3F000CB3CA /* YiNianXi */,
			);
		};
/* End PBXProject section */

/* Begin PBXResourcesBuildPhase section */
		146ADCC71BEC8F3F000CB3CA /* Resources */ = {
			isa = PBXResourcesBuildPhase;
			buildActionMask = 2147483647;
			files = (
				146ADCDC1BEC8F41000CB3CA /* LaunchScreen.storyboard in Resources */,
				146ADCD91BEC8F41000CB3CA /* Assets.xcassets in Resources */,
				146ADCD71BEC8F41000CB3CA /* Main.storyboard in Resources */,
			);
			runOnlyForDeploymentPostprocessing = 0;
		};
/* End PBXResourcesBuildPhase section */

/* Begin PBXSourcesBuildPhase section */
		146ADCC51BEC8F3F000CB3CA /* Sources */ = {
			isa = PBXSourcesBuildPhase;
			buildActionMask = 2147483647;
			files = (
				146ADCD41BEC8F40000CB3CA /* ViewController.m in Sources */,
				146ADCE51BECA412000CB3CA /* XXUtil.m in Sources */,
				146ADCD11BEC8F40000CB3CA /* AppDelegate.m in Sources */,
				146ADCCE1BEC8F3F000CB3CA /* main.m in Sources */,
			);
			runOnlyForDeploymentPostprocessing = 0;
		};
/* End PBXSourcesBuildPhase section */

/* Begin PBXVariantGroup section */
		146ADCD51BEC8F41000CB3CA /* Main.storyboard */ = {
			isa = PBXVariantGroup;
			children = (
				146ADCD61BEC8F41000CB3CA /* Base */,
			);
			name = Main.storyboard;
			sourceTree = "<group>";
		};
		146ADCDA1BEC8F41000CB3CA /* LaunchScreen.storyboard */ = {
			isa = PBXVariantGroup;
			children = (
				146ADCDB1BEC8F41000CB3CA /* Base */,
			);
			name = LaunchScreen.storyboard;
			sourceTree = "<group>";
		};
/* End PBXVariantGroup section */

/* Begin XCBuildConfiguration section */
		146ADCDE1BEC8F41000CB3CA /* Debug */ = {
			isa = XCBuildConfiguration;
			buildSettings = {
				ALWAYS_SEARCH_USER_PATHS = NO;
				CLANG_CXX_LANGUAGE_STANDARD = "gnu++0x";
				CLANG_CXX_LIBRARY = "libc++";
				CLANG_ENABLE_MODULES = YES;
				CLANG_ENABLE_OBJC_ARC = YES;
				CLANG_WARN_BOOL_CONVERSION = YES;
				CLANG_WARN_CONSTANT_CONVERSION = YES;
				CLANG_WARN_DIRECT_OBJC_ISA_USAGE = YES_ERROR;
				CLANG_WARN_EMPTY_BODY = YES;
				CLANG_WARN_ENUM_CONVERSION = YES;
				CLANG_WARN_INT_CONVERSION = YES;
				CLANG_WARN_OBJC_ROOT_CLASS = YES_ERROR;
				CLANG_WARN_UNREACHABLE_CODE = YES;
				CLANG_WARN__DUPLICATE_METHOD_MATCH = YES;
				"CODE_SIGN_IDENTITY[sdk=iphoneos*]" = "iPhone Developer";
				COPY_PHASE_STRIP = NO;
				DEBUG_INFORMATION_FORMAT = dwarf;
				ENABLE_STRICT_OBJC_MSGSEND = YES;
				ENABLE_TESTABILITY = YES;
				GCC_C_LANGUAGE_STANDARD = gnu99;
				GCC_DYNAMIC_NO_PIC = NO;
				GCC_NO_COMMON_BLOCKS = YES;
				GCC_OPTIMIZATION_LEVEL = 0;
				GCC_PREPROCESSOR_DEFINITIONS = (
					"DEBUG=1",
					"$(inherited)",
				);
				GCC_WARN_64_TO_32_BIT_CONVERSION = YES;
				GCC_WARN_ABOUT_RETURN_TYPE = YES_ERROR;
				GCC_WARN_UNDECLARED_SELECTOR = YES;
				GCC_WARN_UNINITIALIZED_AUTOS = YES_AGGRESSIVE;
				GCC_WARN_UNUSED_FUNCTION = YES;
				GCC_WARN_UNUSED_VARIABLE = YES;
				IPHONEOS_DEPLOYMENT_TARGET = 9.0;
				MTL_ENABLE_DEBUG_INFO = YES;
				ONLY_ACTIVE_ARCH = YES;
				SDKROOT = iphoneos;
				TARGETED_DEVICE_FAMILY = "1,2";
			};
			name = Debug;
		};
		146ADCDF1BEC8F41000CB3CA /* Release */ = {
			isa = XCBuildConfiguration;
			buildSettings = {
				ALWAYS_SEARCH_USER_PATHS = NO;
				CLANG_CXX_LANGUAGE_STANDARD = "gnu++0x";
				CLANG_CXX_LIBRARY = "libc++";
				CLANG_ENABLE_MODULES = YES;
				CLANG_ENABLE_OBJC_ARC = YES;
				CLANG_WARN_BOOL_CONVERSION = YES;
				CLANG_WARN_CONSTANT_CONVERSION = YES;
				CLANG_WARN_DIRECT_OBJC_ISA_USAGE = YES_ERROR;
				CLANG_WARN_EMPTY_BODY = YES;
				CLANG_WARN_ENUM_CONVERSION = YES;
				CLANG_WARN_INT_CONVERSION = YES;
				CLANG_WARN_OBJC_ROOT_CLASS = YES_ERROR;
				CLANG_WARN_UNREACHABLE_CODE = YES;
				CLANG_WARN__DUPLICATE_METHOD_MATCH = YES;
				"CODE_SIGN_IDENTITY[sdk=iphoneos*]" = "iPhone Developer";
				COPY_PHASE_STRIP = NO;
				DEBUG_INFORMATION_FORMAT = "dwarf-with-dsym";
				ENABLE_NS_ASSERTIONS = NO;
				ENABLE_STRICT_OBJC_MSGSEND = YES;
				GCC_C_LANGUAGE_STANDARD = gnu99;
				GCC_NO_COMMON_BLOCKS = YES;
				GCC_WARN_64_TO_32_BIT_CONVERSION = YES;
				GCC_WARN_ABOUT_RETURN_TYPE = YES_ERROR;
				GCC_WARN_UNDECLARED_SELECTOR = YES;
				GCC_WARN_UNINITIALIZED_AUTOS = YES_AGGRESSIVE;
				GCC_WARN_UNUSED_FUNCTION = YES;
				GCC_WARN_UNUSED_VARIABLE = YES;
				IPHONEOS_DEPLOYMENT_TARGET = 9.0;
				MTL_ENABLE_DEBUG_INFO = NO;
				SDKROOT = iphoneos;
				TARGETED_DEVICE_FAMILY = "1,2";
				VALIDATE_PRODUCT = YES;
			};
			name = Release;
		};
		146ADCE11BEC8F41000CB3CA /* Debug */ = {
			isa = XCBuildConfiguration;
			buildSettings = {
				ASSETCATALOG_COMPILER_APPICON_NAME = AppIcon;
				INFOPLIST_FILE = YiNianXi/Info.plist;
				IPHONEOS_DEPLOYMENT_TARGET = 8.0;
				LD_RUNPATH_SEARCH_PATHS = "$(inherited) @executable_path/Frameworks";
				PRODUCT_BUNDLE_IDENTIFIER = com.gino.YiNianXi;
				PRODUCT_NAME = "$(TARGET_NAME)";
			};
			name = Debug;
		};
		146ADCE21BEC8F41000CB3CA /* Release */ = {
			isa = XCBuildConfiguration;
			buildSettings = {
				ASSETCATALOG_COMPILER_APPICON_NAME = AppIcon;
				INFOPLIST_FILE = YiNianXi/Info.plist;
				IPHONEOS_DEPLOYMENT_TARGET = 8.0;
				LD_RUNPATH_SEARCH_PATHS = "$(inherited) @executable_path/Frameworks";
				PRODUCT_BUNDLE_IDENTIFIER = com.gino.YiNianXi;
				PRODUCT_NAME = "$(TARGET_NAME)";
			};
			name = Release;
		};
/* End XCBuildConfiguration section */

/* Begin XCConfigurationList section */
		146ADCC41BEC8F3E000CB3CA /* Build configuration list for PBXProject "YiNianXi" */ = {
			isa = XCConfigurationList;
			buildConfigurations = (
				146ADCDE1BEC8F41000CB3CA /* Debug */,
				146ADCDF1BEC8F41000CB3CA /* Release */,
			);
			defaultConfigurationIsVisible = 0;
			defaultConfigurationName = Release;
		};
		146ADCE01BEC8F41000CB3CA /* Build configuration list for PBXNativeTarget "YiNianXi" */ = {
			isa = XCConfigurationList;
			buildConfigurations = (
				146ADCE11BEC8F41000CB3CA /* Debug */,
				146ADCE21BEC8F41000CB3CA /* Release */,
			);
			defaultConfigurationIsVisible = 0;
		};
/* End XCConfigurationList section */
	};
	rootObject = 146ADCC11BEC8F3E000CB3CA /* Project object */;
}
